
Microsoft Visual Studio Solution File, Format Version 12.00
# Visual Studio Version 16
VisualStudioVersion = 16.0.31229.75
MinimumVisualStudioVersion = 10.0.40219.1
Project("{9A19103F-16F7-4668-BE54-9A1E7A4F7556}") = "Server", "Demo\Server.csproj", "{D10E7CFE-E8F5-4375-81C4-AF8F8F8B8FFC}"
EndProject
Project("{9A19103F-16F7-4668-BE54-9A1E7A4F7556}") = "Tests.Functional", "Functional.Tests\Tests.Functional.csproj", "{4FD4626D-B6D9-4EFA-8016-6E18FA7AF667}"
EndProject
Project("{9A19103F-16F7-4668-BE54-9A1E7A4F7556}") = "Database", "Database\Database.csproj", "{AECB011E-919C-47A8-B375-8B9FCEFCCC6A}"
EndProject
Project("{FAE04EC0-301F-11D3-BF4B-00C04F79EFBC}") = "Domain", "Domain\Domain.csproj", "{DE787D0C-BE1E-4062-86DE-4AF7898808BA}"
EndProject
Global
	GlobalSection(SolutionConfigurationPlatforms) = preSolution
		Debug|Any CPU = Debug|Any CPU
		Release|Any CPU = Release|Any CPU
	EndGlobalSection
	GlobalSection(ProjectConfigurationPlatforms) = postSolution
		{D10E7CFE-E8F5-4375-81C4-AF8F8F8B8FFC}.Debug|Any CPU.ActiveCfg = Debug|Any CPU
		{D10E7CFE-E8F5-4375-81C4-AF8F8F8B8FFC}.Debug|Any CPU.Build.0 = Debug|Any CPU
		{D10E7CFE-E8F5-4375-81C4-AF8F8F8B8FFC}.Release|Any CPU.ActiveCfg = Release|Any CPU
		{D10E7CFE-E8F5-4375-81C4-AF8F8F8B8FFC}.Release|Any CPU.Build.0 = Release|Any CPU
		{4FD4626D-B6D9-4EFA-8016-6E18FA7AF667}.Debug|Any CPU.ActiveCfg = Debug|Any CPU
		{4FD4626D-B6D9-4EFA-8016-6E18FA7AF667}.Debug|Any CPU.Build.0 = Debug|Any CPU
		{4FD4626D-B6D9-4EFA-8016-6E18FA7AF667}.Release|Any CPU.ActiveCfg = Release|Any CPU
		{4FD4626D-B6D9-4EFA-8016-6E18FA7AF667}.Release|Any CPU.Build.0 = Release|Any CPU
		{AECB011E-919C-47A8-B375-8B9FCEFCCC6A}.Debug|Any CPU.ActiveCfg = Debug|Any CPU
		{AECB011E-919C-47A8-B375-8B9FCEFCCC6A}.Debug|Any CPU.Build.0 = Debug|Any CPU
		{AECB011E-919C-47A8-B375-8B9FCEFCCC6A}.Release|Any CPU.ActiveCfg = Release|Any CPU
		{AECB011E-919C-47A8-B375-8B9FCEFCCC6A}.Release|Any CPU.Build.0 = Release|Any CPU
		{DE787D0C-BE1E-4062-86DE-4AF7898808BA}.Debug|Any CPU.ActiveCfg = Debug|Any CPU
		{DE787D0C-BE1E-4062-86DE-4AF7898808BA}.Debug|Any CPU.Build.0 = Debug|Any CPU
		{DE787D0C-BE1E-4062-86DE-4AF7898808BA}.Release|Any CPU.ActiveCfg = Release|Any CPU
		{DE787D0C-BE1E-4062-86DE-4AF7898808BA}.Release|Any CPU.Build.0 = Release|Any CPU
	EndGlobalSection
	GlobalSection(SolutionProperties) = preSolution
		HideSolutionNode = FALSE
	EndGlobalSection
	GlobalSection(ExtensibilityGlobals) = postSolution
		SolutionGuid = {6B07A9DC-E151-45D9-B496-3D7D1F3153EE}
	EndGlobalSection
EndGlobal
